
Microsoft Visual Studio Solution File, Format Version 12.00
# Visual Studio Version 17
VisualStudioVersion = 17.13.35931.197 d17.13
MinimumVisualStudioVersion = 10.0.40219.1
Project("{FAE04EC0-301F-11D3-BF4B-00C04F79EFBC}") = "AnnonsSystem", "AnnonsSystem.csproj", "{3A6A8B48-9831-4612-AE83-BAE8E0DE4F2A}"
EndProject
Global
	GlobalSection(SolutionConfigurationPlatforms) = preSolution
		Debug|Any CPU = Debug|Any CPU
		Release|Any CPU = Release|Any CPU
	EndGlobalSection
	GlobalSection(ProjectConfigurationPlatforms) = postSolution
		{3A6A8B48-9831-4612-AE83-BAE8E0DE4F2A}.Debug|Any CPU.ActiveCfg = Debug|Any CPU
		{3A6A8B48-9831-4612-AE83-BAE8E0DE4F2A}.Debug|Any CPU.Build.0 = Debug|Any CPU
		{3A6A8B48-9831-4612-AE83-BAE8E0DE4F2A}.Release|Any CPU.ActiveCfg = Release|Any CPU
		{3A6A8B48-9831-4612-AE83-BAE8E0DE4F2A}.Release|Any CPU.Build.0 = Release|Any CPU
	EndGlobalSection
	GlobalSection(SolutionProperties) = preSolution
		HideSolutionNode = FALSE
	EndGlobalSection
	GlobalSection(ExtensibilityGlobals) = postSolution
		SolutionGuid = {4E3CA324-65F6-4618-A441-FED037562E30}
	EndGlobalSection
EndGlobal
